
Microsoft Visual Studio Solution File, Format Version 12.00
# Visual Studio Version 16
VisualStudioVersion = 16.0.31515.178
MinimumVisualStudioVersion = 10.0.40219.1
Project("{FAE04EC0-301F-11D3-BF4B-00C04F79EFBC}") = "MultiThreadingDemo", "MultiThreadingDemo\MultiThreadingDemo.csproj", "{87F05308-5489-4C8F-97D2-C0FF45D19849}"
EndProject
Project("{FAE04EC0-301F-11D3-BF4B-00C04F79EFBC}") = "EmployeePayrollTest", "EmployeePayrollTest\EmployeePayrollTest.csproj", "{7BA3F56A-EDD7-46B6-B4DF-3EE847DF789F}"
EndProject
Global
	GlobalSection(SolutionConfigurationPlatforms) = preSolution
		Debug|Any CPU = Debug|Any CPU
		Release|Any CPU = Release|Any CPU
	EndGlobalSection
	GlobalSection(ProjectConfigurationPlatforms) = postSolution
		{87F05308-5489-4C8F-97D2-C0FF45D19849}.Debug|Any CPU.ActiveCfg = Debug|Any CPU
		{87F05308-5489-4C8F-97D2-C0FF45D19849}.Debug|Any CPU.Build.0 = Debug|Any CPU
		{87F05308-5489-4C8F-97D2-C0FF45D19849}.Release|Any CPU.ActiveCfg = Release|Any CPU
		{87F05308-5489-4C8F-97D2-C0FF45D19849}.Release|Any CPU.Build.0 = Release|Any CPU
		{7BA3F56A-EDD7-46B6-B4DF-3EE847DF789F}.Debug|Any CPU.ActiveCfg = Debug|Any CPU
		{7BA3F56A-EDD7-46B6-B4DF-3EE847DF789F}.Debug|Any CPU.Build.0 = Debug|Any CPU
		{7BA3F56A-EDD7-46B6-B4DF-3EE847DF789F}.Release|Any CPU.ActiveCfg = Release|Any CPU
		{7BA3F56A-EDD7-46B6-B4DF-3EE847DF789F}.Release|Any CPU.Build.0 = Release|Any CPU
	EndGlobalSection
	GlobalSection(SolutionProperties) = preSolution
		HideSolutionNode = FALSE
	EndGlobalSection
	GlobalSection(ExtensibilityGlobals) = postSolution
		SolutionGuid = {D52F9F18-3E2D-47FB-8702-EF6125687EC7}
	EndGlobalSection
EndGlobal
